
Microsoft Visual Studio Solution File, Format Version 12.00
# Visual Studio Version 17
VisualStudioVersion = 17.14.36705.20 d17.14
MinimumVisualStudioVersion = 10.0.40219.1
Project("{FAE04EC0-301F-11D3-BF4B-00C04F79EFBC}") = "MouseClickVoice", "MouseClickVoice.csproj", "{861CF0A1-95BE-45C9-8A7C-221D0610B663}"
EndProject
Global
	GlobalSection(SolutionConfigurationPlatforms) = preSolution
		Debug|Any CPU = Debug|Any CPU
		Release|Any CPU = Release|Any CPU
	EndGlobalSection
	GlobalSection(ProjectConfigurationPlatforms) = postSolution
		{861CF0A1-95BE-45C9-8A7C-221D0610B663}.Debug|Any CPU.ActiveCfg = Debug|Any CPU
		{861CF0A1-95BE-45C9-8A7C-221D0610B663}.Debug|Any CPU.Build.0 = Debug|Any CPU
		{861CF0A1-95BE-45C9-8A7C-221D0610B663}.Release|Any CPU.ActiveCfg = Release|Any CPU
		{861CF0A1-95BE-45C9-8A7C-221D0610B663}.Release|Any CPU.Build.0 = Release|Any CPU
	EndGlobalSection
	GlobalSection(SolutionProperties) = preSolution
		HideSolutionNode = FALSE
	EndGlobalSection
	GlobalSection(ExtensibilityGlobals) = postSolution
		SolutionGuid = {CF4583ED-8C0A-42EC-B582-C57B264E5738}
	EndGlobalSection
EndGlobal
